
Microsoft Visual Studio Solution File, Format Version 12.00
# Visual Studio Version 16
VisualStudioVersion = 16.0.29411.108
MinimumVisualStudioVersion = 10.0.40219.1
Project("{FAE04EC0-301F-11D3-BF4B-00C04F79EFBC}") = "MiniPascal", "MiniPascal\MiniPascal.csproj", "{347E81EF-0A58-4930-AE50-FD8C3EE535FC}"
EndProject
Project("{FAE04EC0-301F-11D3-BF4B-00C04F79EFBC}") = "IntermediateCode", "IntermediateCode\IntermediateCode.csproj", "{A7E03956-4D51-4DF0-A7E1-A01B0670F157}"
EndProject
Global
	GlobalSection(SolutionConfigurationPlatforms) = preSolution
		Debug|Any CPU = Debug|Any CPU
		Release|Any CPU = Release|Any CPU
	EndGlobalSection
	GlobalSection(ProjectConfigurationPlatforms) = postSolution
		{347E81EF-0A58-4930-AE50-FD8C3EE535FC}.Debug|Any CPU.ActiveCfg = Debug|Any CPU
		{347E81EF-0A58-4930-AE50-FD8C3EE535FC}.Debug|Any CPU.Build.0 = Debug|Any CPU
		{347E81EF-0A58-4930-AE50-FD8C3EE535FC}.Release|Any CPU.ActiveCfg = Release|Any CPU
		{347E81EF-0A58-4930-AE50-FD8C3EE535FC}.Release|Any CPU.Build.0 = Release|Any CPU
		{A7E03956-4D51-4DF0-A7E1-A01B0670F157}.Debug|Any CPU.ActiveCfg = Debug|Any CPU
		{A7E03956-4D51-4DF0-A7E1-A01B0670F157}.Debug|Any CPU.Build.0 = Debug|Any CPU
		{A7E03956-4D51-4DF0-A7E1-A01B0670F157}.Release|Any CPU.ActiveCfg = Release|Any CPU
		{A7E03956-4D51-4DF0-A7E1-A01B0670F157}.Release|Any CPU.Build.0 = Release|Any CPU
	EndGlobalSection
	GlobalSection(SolutionProperties) = preSolution
		HideSolutionNode = FALSE
	EndGlobalSection
	GlobalSection(ExtensibilityGlobals) = postSolution
		SolutionGuid = {42B036D2-294A-4F30-8A5E-588D7970E1C4}
	EndGlobalSection
EndGlobal
